
Microsoft Visual Studio Solution File, Format Version 12.00
# Visual Studio Version 17
VisualStudioVersion = 17.9.34728.123
MinimumVisualStudioVersion = 10.0.40219.1
Project("{9A19103F-16F7-4668-BE54-9A1E7A4F7556}") = "HW46", "HW46\HW46.csproj", "{0B9F3541-0E9C-404B-864F-F6856CBAE136}"
EndProject
Project("{FAE04EC0-301F-11D3-BF4B-00C04F79EFBC}") = "HWapi", "HWapi\HWapi.csproj", "{87B7258A-E1D5-40CE-9C52-57FD6BD0F99B}"
EndProject
Global
	GlobalSection(SolutionConfigurationPlatforms) = preSolution
		Debug|Any CPU = Debug|Any CPU
		Release|Any CPU = Release|Any CPU
	EndGlobalSection
	GlobalSection(ProjectConfigurationPlatforms) = postSolution
		{0B9F3541-0E9C-404B-864F-F6856CBAE136}.Debug|Any CPU.ActiveCfg = Debug|Any CPU
		{0B9F3541-0E9C-404B-864F-F6856CBAE136}.Debug|Any CPU.Build.0 = Debug|Any CPU
		{0B9F3541-0E9C-404B-864F-F6856CBAE136}.Release|Any CPU.ActiveCfg = Release|Any CPU
		{0B9F3541-0E9C-404B-864F-F6856CBAE136}.Release|Any CPU.Build.0 = Release|Any CPU
		{87B7258A-E1D5-40CE-9C52-57FD6BD0F99B}.Debug|Any CPU.ActiveCfg = Debug|Any CPU
		{87B7258A-E1D5-40CE-9C52-57FD6BD0F99B}.Debug|Any CPU.Build.0 = Debug|Any CPU
		{87B7258A-E1D5-40CE-9C52-57FD6BD0F99B}.Release|Any CPU.ActiveCfg = Release|Any CPU
		{87B7258A-E1D5-40CE-9C52-57FD6BD0F99B}.Release|Any CPU.Build.0 = Release|Any CPU
	EndGlobalSection
	GlobalSection(SolutionProperties) = preSolution
		HideSolutionNode = FALSE
	EndGlobalSection
	GlobalSection(ExtensibilityGlobals) = postSolution
		SolutionGuid = {3DEC3D75-CA93-4BC2-9BD7-D734C7FCEA7C}
	EndGlobalSection
EndGlobal
